# This file is generated by running "yarn install" inside your project.
# Manual changes might be lost - proceed with caution!

__metadata:
  version: 8
  cacheKey: 10c0

"agent-base@npm:^7.1.1":
  version: 7.1.1
  resolution: "agent-base@npm:7.1.1"
  dependencies:
    debug: "npm:^4.3.4"
  checksum: 10c0/e59ce7bed9c63bf071a30cc471f2933862044c97fd9958967bfe22521d7a0f601ce4ed5a8c011799d0c726ca70312142ae193bbebb60f576b52be19d4a363b50
  languageName: node
  linkType: hard

"asynckit@npm:^0.4.0":
  version: 0.4.0
  resolution: "asynckit@npm:0.4.0"
  checksum: 10c0/d73e2ddf20c4eb9337e1b3df1a0f6159481050a5de457c55b14ea2e5cb6d90bb69e004c9af54737a5ee0917fcf2c9e25de67777bbe58261847846066ba75bc9d
  languageName: node
  linkType: hard

"axios-cookiejar-support@npm:^5.0.2":
  version: 5.0.2
  resolution: "axios-cookiejar-support@npm:5.0.2"
  dependencies:
    http-cookie-agent: "npm:^6.0.5"
  peerDependencies:
    axios: ">=0.20.0"
    tough-cookie: ">=4.0.0"
  checksum: 10c0/eaf742b08a0c98a407fe73601eb1fc15667cecf683f1e45ad7f355d6c4ccfc7044760de65ac1a276a8a040aad724d0ef938bfa8932aa09cf383d44b877588fb0
  languageName: node
  linkType: hard

"axios@npm:^1.7.2":
  version: 1.7.2
  resolution: "axios@npm:1.7.2"
  dependencies:
    follow-redirects: "npm:^1.15.6"
    form-data: "npm:^4.0.0"
    proxy-from-env: "npm:^1.1.0"
  checksum: 10c0/cbd47ce380fe045313364e740bb03b936420b8b5558c7ea36a4563db1258c658f05e40feb5ddd41f6633fdd96d37ac2a76f884dad599c5b0224b4c451b3fa7ae
  languageName: node
  linkType: hard

"combined-stream@npm:^1.0.8":
  version: 1.0.8
  resolution: "combined-stream@npm:1.0.8"
  dependencies:
    delayed-stream: "npm:~1.0.0"
  checksum: 10c0/0dbb829577e1b1e839fa82b40c07ffaf7de8a09b935cadd355a73652ae70a88b4320db322f6634a4ad93424292fa80973ac6480986247f1734a1137debf271d5
  languageName: node
  linkType: hard

"debug@npm:^4.3.4":
  version: 4.3.4
  resolution: "debug@npm:4.3.4"
  dependencies:
    ms: "npm:2.1.2"
  peerDependenciesMeta:
    supports-color:
      optional: true
  checksum: 10c0/cedbec45298dd5c501d01b92b119cd3faebe5438c3917ff11ae1bff86a6c722930ac9c8659792824013168ba6db7c4668225d845c633fbdafbbf902a6389f736
  languageName: node
  linkType: hard

"delayed-stream@npm:~1.0.0":
  version: 1.0.0
  resolution: "delayed-stream@npm:1.0.0"
  checksum: 10c0/d758899da03392e6712f042bec80aa293bbe9e9ff1b2634baae6a360113e708b91326594c8a486d475c69d6259afb7efacdc3537bfcda1c6c648e390ce601b19
  languageName: node
  linkType: hard

"dotenv@npm:^16.4.5":
  version: 16.4.5
  resolution: "dotenv@npm:16.4.5"
  checksum: 10c0/48d92870076832af0418b13acd6e5a5a3e83bb00df690d9812e94b24aff62b88ade955ac99a05501305b8dc8f1b0ee7638b18493deb6fe93d680e5220936292f
  languageName: node
  linkType: hard

"follow-redirects@npm:^1.15.6":
  version: 1.15.6
  resolution: "follow-redirects@npm:1.15.6"
  peerDependenciesMeta:
    debug:
      optional: true
  checksum: 10c0/9ff767f0d7be6aa6870c82ac79cf0368cd73e01bbc00e9eb1c2a16fbb198ec105e3c9b6628bb98e9f3ac66fe29a957b9645bcb9a490bb7aa0d35f908b6b85071
  languageName: node
  linkType: hard

"form-data@npm:^4.0.0":
  version: 4.0.0
  resolution: "form-data@npm:4.0.0"
  dependencies:
    asynckit: "npm:^0.4.0"
    combined-stream: "npm:^1.0.8"
    mime-types: "npm:^2.1.12"
  checksum: 10c0/cb6f3ac49180be03ff07ba3ff125f9eba2ff0b277fb33c7fc47569fc5e616882c5b1c69b9904c4c4187e97dd0419dd03b134174756f296dec62041e6527e2c6e
  languageName: node
  linkType: hard

"http-cookie-agent@npm:^6.0.5":
  version: 6.0.5
  resolution: "http-cookie-agent@npm:6.0.5"
  dependencies:
    agent-base: "npm:^7.1.1"
  peerDependencies:
    tough-cookie: ^4.0.0
    undici: ^5.11.0 || ^6.0.0
  peerDependenciesMeta:
    undici:
      optional: true
  checksum: 10c0/048b8bc12c48dc2f3b4c594f6f45dd160dd126e3878d9400830de7ad922d27f94cb7e69af8a237b49578dbae1cfb734e3892c2f7cc1a834df4b3eb363fe781a4
  languageName: node
  linkType: hard

"lnnblog-sync@workspace:.":
  version: 0.0.0-use.local
  resolution: "lnnblog-sync@workspace:."
  dependencies:
    axios: "npm:^1.7.2"
    axios-cookiejar-support: "npm:^5.0.2"
    dotenv: "npm:^16.4.5"
    tough-cookie: "npm:^4.1.4"
  languageName: unknown
  linkType: soft

"mime-db@npm:1.52.0":
  version: 1.52.0
  resolution: "mime-db@npm:1.52.0"
  checksum: 10c0/0557a01deebf45ac5f5777fe7740b2a5c309c6d62d40ceab4e23da9f821899ce7a900b7ac8157d4548ddbb7beffe9abc621250e6d182b0397ec7f10c7b91a5aa
  languageName: node
  linkType: hard

"mime-types@npm:^2.1.12":
  version: 2.1.35
  resolution: "mime-types@npm:2.1.35"
  dependencies:
    mime-db: "npm:1.52.0"
  checksum: 10c0/82fb07ec56d8ff1fc999a84f2f217aa46cb6ed1033fefaabd5785b9a974ed225c90dc72fff460259e66b95b73648596dbcc50d51ed69cdf464af2d237d3149b2
  languageName: node
  linkType: hard

"ms@npm:2.1.2":
  version: 2.1.2
  resolution: "ms@npm:2.1.2"
  checksum: 10c0/a437714e2f90dbf881b5191d35a6db792efbca5badf112f87b9e1c712aace4b4b9b742dd6537f3edf90fd6f684de897cec230abde57e87883766712ddda297cc
  languageName: node
  linkType: hard

"proxy-from-env@npm:^1.1.0":
  version: 1.1.0
  resolution: "proxy-from-env@npm:1.1.0"
  checksum: 10c0/fe7dd8b1bdbbbea18d1459107729c3e4a2243ca870d26d34c2c1bcd3e4425b7bcc5112362df2d93cc7fb9746f6142b5e272fd1cc5c86ddf8580175186f6ad42b
  languageName: node
  linkType: hard

"psl@npm:^1.1.33":
  version: 1.9.0
  resolution: "psl@npm:1.9.0"
  checksum: 10c0/6a3f805fdab9442f44de4ba23880c4eba26b20c8e8e0830eff1cb31007f6825dace61d17203c58bfe36946842140c97a1ba7f67bc63ca2d88a7ee052b65d97ab
  languageName: node
  linkType: hard

"punycode@npm:^2.1.1":
  version: 2.3.1
  resolution: "punycode@npm:2.3.1"
  checksum: 10c0/14f76a8206bc3464f794fb2e3d3cc665ae416c01893ad7a02b23766eb07159144ee612ad67af5e84fa4479ccfe67678c4feb126b0485651b302babf66f04f9e9
  languageName: node
  linkType: hard

"querystringify@npm:^2.1.1":
  version: 2.2.0
  resolution: "querystringify@npm:2.2.0"
  checksum: 10c0/3258bc3dbdf322ff2663619afe5947c7926a6ef5fb78ad7d384602974c467fadfc8272af44f5eb8cddd0d011aae8fabf3a929a8eee4b86edcc0a21e6bd10f9aa
  languageName: node
  linkType: hard

"requires-port@npm:^1.0.0":
  version: 1.0.0
  resolution: "requires-port@npm:1.0.0"
  checksum: 10c0/b2bfdd09db16c082c4326e573a82c0771daaf7b53b9ce8ad60ea46aa6e30aaf475fe9b164800b89f93b748d2c234d8abff945d2551ba47bf5698e04cd7713267
  languageName: node
  linkType: hard

"tough-cookie@npm:^4.1.4":
  version: 4.1.4
  resolution: "tough-cookie@npm:4.1.4"
  dependencies:
    psl: "npm:^1.1.33"
    punycode: "npm:^2.1.1"
    universalify: "npm:^0.2.0"
    url-parse: "npm:^1.5.3"
  checksum: 10c0/aca7ff96054f367d53d1e813e62ceb7dd2eda25d7752058a74d64b7266fd07be75908f3753a32ccf866a2f997604b414cfb1916d6e7f69bc64d9d9939b0d6c45
  languageName: node
  linkType: hard

"universalify@npm:^0.2.0":
  version: 0.2.0
  resolution: "universalify@npm:0.2.0"
  checksum: 10c0/cedbe4d4ca3967edf24c0800cfc161c5a15e240dac28e3ce575c689abc11f2c81ccc6532c8752af3b40f9120fb5e454abecd359e164f4f6aa44c29cd37e194fe
  languageName: node
  linkType: hard

"url-parse@npm:^1.5.3":
  version: 1.5.10
  resolution: "url-parse@npm:1.5.10"
  dependencies:
    querystringify: "npm:^2.1.1"
    requires-port: "npm:^1.0.0"
  checksum: 10c0/bd5aa9389f896974beb851c112f63b466505a04b4807cea2e5a3b7092f6fbb75316f0491ea84e44f66fed55f1b440df5195d7e3a8203f64fcefa19d182f5be87
  languageName: node
  linkType: hard
